{
  "version": 4,
  "terraform_version": "1.1.7",
  "serial": 12,
  "lineage": "f05653f0-d6b1-7928-b93c-d89ad22038f2",
  "outputs": {
    "aft_management_account_id": {
      "value": "685454867570",
      "type": "string"
    },
    "audit_account_id": {
      "value": "695357733671",
      "type": "string"
    },
    "ct_home_region": {
      "value": "us-east-1",
      "type": "string"
    },
    "ct_management_account_id": {
      "value": "288834285707",
      "type": "string"
    },
    "log_archive_account_id": {
      "value": "695529858312",
      "type": "string"
    },
    "organization_id": {
      "value": "o-1mmfz07mip",
      "type": "string"
    },
    "organization_name": {
      "value": "cropdroid",
      "type": "string"
    },
    "remote_state_bucket": {
      "value": "cropdroid-terraform-remote-state-mgmt",
      "type": "string"
    },
    "remote_state_dynamo_table": {
      "value": "cropdroid-terraform-remote-state-locks",
      "type": "string"
    },
    "sso_domain": {
      "value": "cropdroid.com",
      "type": "string"
    },
    "tags": {
      "value": {
        "Compliance": "restricted",
        "Environment": "mgmt",
        "Name": "cropdroid-mgmt",
        "Owner": "cropdroid",
        "Project": "cropdroid",
        "TerraformManaged": true
      },
      "type": [
        "object",
        {
          "Compliance": "string",
          "Environment": "string",
          "Name": "string",
          "Owner": "string",
          "Project": "string",
          "TerraformManaged": "bool"
        }
      ]
    },
    "tf_backend_secondary_region": {
      "value": "us-west-2",
      "type": "string"
    }
  },
  "resources": [
    {
      "module": "module.remotestate",
      "mode": "managed",
      "type": "aws_dynamodb_table",
      "name": "remotestate",
      "provider": "provider[\"registry.terraform.io/hashicorp/aws\"]",
      "instances": [
        {
          "schema_version": 1,
          "attributes": {
            "arn": "arn:aws:dynamodb:us-east-1:288834285707:table/cropdroid-terraform-remote-state-locks",
            "attribute": [
              {
                "name": "LockID",
                "type": "S"
              }
            ],
            "billing_mode": "PROVISIONED",
            "global_secondary_index": [],
            "hash_key": "LockID",
            "id": "cropdroid-terraform-remote-state-locks",
            "local_secondary_index": [],
            "name": "cropdroid-terraform-remote-state-locks",
            "point_in_time_recovery": [
              {
                "enabled": false
              }
            ],
            "range_key": null,
            "read_capacity": 20,
            "replica": [],
            "restore_date_time": null,
            "restore_source_name": null,
            "restore_to_latest_time": null,
            "server_side_encryption": [],
            "stream_arn": "",
            "stream_enabled": false,
            "stream_label": "",
            "stream_view_type": "",
            "table_class": "",
            "tags": null,
            "tags_all": {},
            "timeouts": null,
            "ttl": [
              {
                "attribute_name": "",
                "enabled": false
              }
            ],
            "write_capacity": 20
          },
          "sensitive_attributes": [],
          "private": "eyJlMmJmYjczMC1lY2FhLTExZTYtOGY4OC0zNDM2M2JjN2M0YzAiOnsiY3JlYXRlIjoxODAwMDAwMDAwMDAwLCJkZWxldGUiOjYwMDAwMDAwMDAwMCwidXBkYXRlIjozNjAwMDAwMDAwMDAwfSwic2NoZW1hX3ZlcnNpb24iOiIxIn0="
        }
      ]
    },
    {
      "module": "module.remotestate",
      "mode": "managed",
      "type": "aws_s3_bucket",
      "name": "remotestate",
      "provider": "provider[\"registry.terraform.io/hashicorp/aws\"]",
      "instances": [
        {
          "index_key": 0,
          "schema_version": 0,
          "attributes": {
            "acceleration_status": "",
            "acl": "private",
            "arn": "arn:aws:s3:::cropdroid-terraform-remote-state-mgmt",
            "bucket": "cropdroid-terraform-remote-state-mgmt",
            "bucket_domain_name": "cropdroid-terraform-remote-state-mgmt.s3.amazonaws.com",
            "bucket_prefix": null,
            "bucket_regional_domain_name": "cropdroid-terraform-remote-state-mgmt.s3.amazonaws.com",
            "cors_rule": [],
            "force_destroy": true,
            "grant": [],
            "hosted_zone_id": "Z3AQBSTGFYJSTF",
            "id": "cropdroid-terraform-remote-state-mgmt",
            "lifecycle_rule": [],
            "logging": [],
            "object_lock_configuration": [],
            "policy": "",
            "region": "us-east-1",
            "replication_configuration": [],
            "request_payer": "BucketOwner",
            "server_side_encryption_configuration": [],
            "tags": {
              "Compliance": "restricted",
              "Environment": "mgmt",
              "Name": "cropdroid-mgmt",
              "Owner": "cropdroid",
              "Project": "cropdroid",
              "TerraformManaged": "true"
            },
            "tags_all": {
              "Compliance": "restricted",
              "Environment": "mgmt",
              "Name": "cropdroid-mgmt",
              "Owner": "cropdroid",
              "Project": "cropdroid",
              "TerraformManaged": "true"
            },
            "versioning": [
              {
                "enabled": false,
                "mfa_delete": false
              }
            ],
            "website": [],
            "website_domain": null,
            "website_endpoint": null
          },
          "sensitive_attributes": [],
          "private": "bnVsbA=="
        }
      ]
    },
    {
      "module": "module.remotestate",
      "mode": "managed",
      "type": "aws_s3_bucket_public_access_block",
      "name": "public_access_block",
      "provider": "provider[\"registry.terraform.io/hashicorp/aws\"]",
      "instances": [
        {
          "index_key": 0,
          "schema_version": 0,
          "attributes": {
            "block_public_acls": true,
            "block_public_policy": true,
            "bucket": "cropdroid-terraform-remote-state-mgmt",
            "id": "cropdroid-terraform-remote-state-mgmt",
            "ignore_public_acls": true,
            "restrict_public_buckets": true
          },
          "sensitive_attributes": [],
          "private": "bnVsbA==",
          "dependencies": [
            "module.remotestate.aws_s3_bucket.remotestate"
          ]
        }
      ]
    },
    {
      "module": "module.tagging",
      "mode": "data",
      "type": "aws_caller_identity",
      "name": "current",
      "provider": "provider[\"registry.terraform.io/hashicorp/aws\"]",
      "instances": [
        {
          "schema_version": 0,
          "attributes": {
            "account_id": "288834285707",
            "arn": "arn:aws:iam::288834285707:user/terraform",
            "id": "288834285707",
            "user_id": "AIDAUGP65OCFXKPZAL2ZT"
          },
          "sensitive_attributes": []
        }
      ]
    },
    {
      "module": "module.tagging",
      "mode": "data",
      "type": "null_data_source",
      "name": "tags",
      "provider": "provider[\"registry.terraform.io/hashicorp/null\"]",
      "instances": [
        {
          "index_key": 0,
          "schema_version": 0,
          "attributes": {
            "has_computed_default": "default",
            "id": "static",
            "inputs": {
              "key": "Compliance",
              "propagate_at_launch": "true",
              "value": "restricted"
            },
            "outputs": {
              "key": "Compliance",
              "propagate_at_launch": "true",
              "value": "restricted"
            },
            "random": "5896154558187080607"
          },
          "sensitive_attributes": []
        },
        {
          "index_key": 1,
          "schema_version": 0,
          "attributes": {
            "has_computed_default": "default",
            "id": "static",
            "inputs": {
              "key": "Environment",
              "propagate_at_launch": "true",
              "value": "mgmt"
            },
            "outputs": {
              "key": "Environment",
              "propagate_at_launch": "true",
              "value": "mgmt"
            },
            "random": "4920482366329755419"
          },
          "sensitive_attributes": []
        },
        {
          "index_key": 2,
          "schema_version": 0,
          "attributes": {
            "has_computed_default": "default",
            "id": "static",
            "inputs": {
              "key": "Name",
              "propagate_at_launch": "true",
              "value": "cropdroid-mgmt"
            },
            "outputs": {
              "key": "Name",
              "propagate_at_launch": "true",
              "value": "cropdroid-mgmt"
            },
            "random": "3569147290730442458"
          },
          "sensitive_attributes": []
        },
        {
          "index_key": 3,
          "schema_version": 0,
          "attributes": {
            "has_computed_default": "default",
            "id": "static",
            "inputs": {
              "key": "Owner",
              "propagate_at_launch": "true",
              "value": "cropdroid"
            },
            "outputs": {
              "key": "Owner",
              "propagate_at_launch": "true",
              "value": "cropdroid"
            },
            "random": "2012086160423848860"
          },
          "sensitive_attributes": []
        },
        {
          "index_key": 4,
          "schema_version": 0,
          "attributes": {
            "has_computed_default": "default",
            "id": "static",
            "inputs": {
              "key": "Project",
              "propagate_at_launch": "true",
              "value": "cropdroid"
            },
            "outputs": {
              "key": "Project",
              "propagate_at_launch": "true",
              "value": "cropdroid"
            },
            "random": "7874895441713536323"
          },
          "sensitive_attributes": []
        },
        {
          "index_key": 5,
          "schema_version": 0,
          "attributes": {
            "has_computed_default": "default",
            "id": "static",
            "inputs": {
              "key": "TerraformManaged",
              "propagate_at_launch": "true",
              "value": "true"
            },
            "outputs": {
              "key": "TerraformManaged",
              "propagate_at_launch": "true",
              "value": "true"
            },
            "random": "5285213688703620951"
          },
          "sensitive_attributes": []
        }
      ]
    }
  ]
}
