{
  "version": 4,
  "terraform_version": "1.1.7",
  "serial": 51,
  "lineage": "831462cd-c459-e3d7-e434-736aefe5643e",
  "outputs": {
    "account_id": {
      "value": "342432848845",
      "type": "string"
    },
    "canonical_id": {
      "value": "f039902d238fbf65ea405730b540262631cd4721285873c2927681ee4bcd9f85",
      "type": "string"
    },
    "remote_state_bucket": {
      "value": "terraform-remote-state-342432848845",
      "type": "string"
    },
    "remote_state_dynamo_table": {
      "value": "terraform-remote-state-locks",
      "type": "string"
    },
    "tags": {
      "value": {
        "Compliance": "non-restricted",
        "Environment": "shared",
        "Name": "cropdroid-shared",
        "Owner": "devops",
        "Project": "cropdroid",
        "TerraformManaged": true
      },
      "type": [
        "object",
        {
          "Compliance": "string",
          "Environment": "string",
          "Name": "string",
          "Owner": "string",
          "Project": "string",
          "TerraformManaged": "bool"
        }
      ]
    }
  },
  "resources": [
    {
      "mode": "data",
      "type": "aws_caller_identity",
      "name": "current",
      "provider": "provider[\"registry.terraform.io/hashicorp/aws\"]",
      "instances": [
        {
          "schema_version": 0,
          "attributes": {
            "account_id": "342432848845",
            "arn": "arn:aws:sts::342432848845:assumed-role/AWSReservedSSO_AWSAdministratorAccess_da9b8a59c2483c73/aws+shared@cropdroid.com",
            "id": "342432848845",
            "user_id": "AROAU7OUWTPGUWBCQHSEB:aws+shared@cropdroid.com"
          },
          "sensitive_attributes": []
        }
      ]
    },
    {
      "mode": "data",
      "type": "aws_canonical_user_id",
      "name": "current",
      "provider": "provider[\"registry.terraform.io/hashicorp/aws\"]",
      "instances": [
        {
          "schema_version": 0,
          "attributes": {
            "display_name": "aws+shared",
            "id": "f039902d238fbf65ea405730b540262631cd4721285873c2927681ee4bcd9f85"
          },
          "sensitive_attributes": []
        }
      ]
    },
    {
      "mode": "data",
      "type": "terraform_remote_state",
      "name": "root_bootstrap",
      "provider": "provider[\"terraform.io/builtin/terraform\"]",
      "instances": [
        {
          "schema_version": 0,
          "attributes": {
            "backend": "local",
            "config": {
              "value": {
                "path": "../../root/bootstrap/terraform.tfstate"
              },
              "type": [
                "object",
                {
                  "path": "string"
                }
              ]
            },
            "defaults": null,
            "outputs": {
              "value": {
                "aft_management_account_id": "685454867570",
                "audit_account_id": "695357733671",
                "ct_home_region": "us-east-1",
                "ct_management_account_id": "288834285707",
                "log_archive_account_id": "695529858312",
                "organization_id": "o-1mmfz07mip",
                "organization_name": "cropdroid",
                "remote_state_bucket": "cropdroid-terraform-remote-state-mgmt",
                "remote_state_dynamo_table": "cropdroid-terraform-remote-state-locks",
                "sso_domain": "cropdroid.com",
                "tags": {
                  "Compliance": "restricted",
                  "Environment": "mgmt",
                  "Name": "cropdroid-mgmt",
                  "Owner": "cropdroid",
                  "Project": "cropdroid",
                  "TerraformManaged": true
                },
                "tf_backend_secondary_region": "us-west-2"
              },
              "type": [
                "object",
                {
                  "aft_management_account_id": "string",
                  "audit_account_id": "string",
                  "ct_home_region": "string",
                  "ct_management_account_id": "string",
                  "log_archive_account_id": "string",
                  "organization_id": "string",
                  "organization_name": "string",
                  "remote_state_bucket": "string",
                  "remote_state_dynamo_table": "string",
                  "sso_domain": "string",
                  "tags": [
                    "object",
                    {
                      "Compliance": "string",
                      "Environment": "string",
                      "Name": "string",
                      "Owner": "string",
                      "Project": "string",
                      "TerraformManaged": "bool"
                    }
                  ],
                  "tf_backend_secondary_region": "string"
                }
              ]
            },
            "workspace": null
          },
          "sensitive_attributes": []
        }
      ]
    },
    {
      "mode": "managed",
      "type": "aws_s3_bucket_policy",
      "name": "remote_state",
      "provider": "provider[\"registry.terraform.io/hashicorp/aws\"]",
      "instances": [
        {
          "schema_version": 0,
          "attributes": {
            "bucket": "terraform-remote-state-342432848845",
            "id": "terraform-remote-state-342432848845",
            "policy": "{\n  \"Version\": \"2012-10-17\",\n  \"Id\": \"SharedRemoteStatePolicy\",\n  \"Statement\": [\n    {\n      \"Sid\": \"RootAccess\",\n      \"Effect\": \"Allow\",\n      \"Principal\": {\n        \"AWS\": [\n          \"arn:aws:iam::288834285707:root\"\n        ]\n      },\n      \"Action\": \"s3:*\",\n      \"Resource\": [\n        \"arn:aws:s3:::terraform-remote-state-342432848845\",\n        \"arn:aws:s3:::terraform-remote-state-342432848845/*\"\n      ]\n    },\n    {\n      \"Sid\": \"ListBucketAccess\",\n      \"Effect\": \"Allow\",\n      \"Principal\": {\n        \"AWS\": [\n          \"arn:aws:iam::342432848845:role/aws-reserved/sso.amazonaws.com/AWSReservedSSO_AWSAdministratorAccess_da9b8a59c2483c73\",\n          \"arn:aws:iam::342432848845:assumed-role/AWSReservedSSO_AWSAdministratorAccess_da9b8a59c2483c73/aws+shared@cropdroid.com\",\n          \"arn:aws:iam::841167668311:role/aws-reserved/sso.amazonaws.com/AWSReservedSSO_AWSAdministratorAccess_a3f315f0e7cc692a\",\n          \"arn:aws:sts::841167668311:assumed-role/AWSReservedSSO_AWSAdministratorAccess_a3f315f0e7cc692a/aws+staging@cropdroid.com\",\n          \"arn:aws:iam::640945925798:role/aws-reserved/sso.amazonaws.com/AWSReservedSSO_AWSAdministratorAccess_746a31ddf0c5ed5c\",\n          \"arn:aws:iam::640945925798:assumed-role/AWSReservedSSO_AWSAdministratorAccess_746a31ddf0c5ed5c/aws+prod@cropdroid.com\"\n        ]\n      },\n      \"Action\": [\n        \"s3:ListBucket\",\n        \"s3:GetBucketLocation\"\n      ],\n      \"Resource\": \"arn:aws:s3:::terraform-remote-state-342432848845\"\n    },\n    {\n      \"Sid\": \"SharedObjectsAccess\",\n      \"Effect\": \"Allow\",\n      \"Principal\": {\n        \"AWS\": [\n          \"arn:aws:iam::342432848845:role/aws-reserved/sso.amazonaws.com/AWSReservedSSO_AWSAdministratorAccess_da9b8a59c2483c73\",\n          \"arn:aws:iam::342432848845:assumed-role/AWSReservedSSO_AWSAdministratorAccess_da9b8a59c2483c73/aws+shared@cropdroid.com\"\n        ]\n      },\n      \"Action\": [\n        \"s3:Get*\",\n        \"S3:Put*\",\n        \"s3:List*\"\n      ],\n      \"Resource\": \"arn:aws:s3:::terraform-remote-state-342432848845/shared/*\"\n    },\n    {\n      \"Sid\": \"SharedObjectsReadOnlyAccess\",\n      \"Effect\": \"Allow\",\n      \"Principal\": {\n        \"AWS\": [\n          \"arn:aws:iam::342432848845:role/aws-reserved/sso.amazonaws.com/AWSReservedSSO_AWSAdministratorAccess_da9b8a59c2483c73\",\n          \"arn:aws:iam::342432848845:role/aws-reserved/sso.amazonaws.com/AWSReservedSSO_AWSOrganizationsFullAccess_c4029ba22c8daeab\",\n          \"arn:aws:iam::342432848845:role/aws-reserved/sso.amazonaws.com/AWSReservedSSO_AWSPowerUserAccess_25c53df32a1253e2\",\n          \"arn:aws:iam::342432848845:role/aws-reserved/sso.amazonaws.com/AWSReservedSSO_AWSReadOnlyAccess_36f8fb192bf92169\",\n          \"arn:aws:iam::841167668311:role/aws-reserved/sso.amazonaws.com/AWSReservedSSO_AWSAdministratorAccess_a3f315f0e7cc692a\",\n          \"arn:aws:iam::841167668311:role/aws-reserved/sso.amazonaws.com/AWSReservedSSO_AWSOrganizationsFullAccess_9ba3758f193ef8e1\",\n          \"arn:aws:iam::841167668311:role/aws-reserved/sso.amazonaws.com/AWSReservedSSO_AWSPowerUserAccess_6b2f6d06beb058b7\",\n          \"arn:aws:iam::841167668311:role/aws-reserved/sso.amazonaws.com/AWSReservedSSO_AWSReadOnlyAccess_9ef77f738096cab9\",\n          \"arn:aws:sts::841167668311:assumed-role/AWSReservedSSO_AWSAdministratorAccess_a3f315f0e7cc692a/aws+staging@cropdroid.com\"\n        ]\n      },\n      \"Action\": [\n        \"s3:Get*\",\n        \"s3:List*\"\n      ],\n      \"Resource\": \"arn:aws:s3:::terraform-remote-state-342432848845/shared/*\"\n    },\n    {\n      \"Sid\": \"SharedReadOnlyObjectsAccess\",\n      \"Effect\": \"Allow\",\n      \"Principal\": {\n        \"AWS\": [\n          \"arn:aws:iam::841167668311:role/aws-reserved/sso.amazonaws.com/AWSReservedSSO_AWSAdministratorAccess_a3f315f0e7cc692a\",\n          \"arn:aws:sts::841167668311:assumed-role/AWSReservedSSO_AWSAdministratorAccess_a3f315f0e7cc692a/aws+staging@cropdroid.com\"\n        ]\n      },\n      \"Action\": [\n        \"s3:Get*\",\n        \"s3:List*\"\n      ],\n      \"Resource\": [\n        \"arn:aws:s3:::terraform-remote-state-342432848845/staging/vpc.tfstate\",\n        \"arn:aws:s3:::terraform-remote-state-342432848845/prod/vpc.tfstate\"\n      ]\n    },\n    {\n      \"Sid\": \"StageObjectsAccess\",\n      \"Effect\": \"Allow\",\n      \"Principal\": {\n        \"AWS\": [\n          \"arn:aws:iam::841167668311:role/aws-reserved/sso.amazonaws.com/AWSReservedSSO_AWSAdministratorAccess_a3f315f0e7cc692a\",\n          \"arn:aws:sts::841167668311:assumed-role/AWSReservedSSO_AWSAdministratorAccess_a3f315f0e7cc692a/aws+staging@cropdroid.com\"\n        ]\n      },\n      \"Action\": [\n        \"s3:Get*\",\n        \"s3:Put*\",\n        \"s3:List*\"\n      ],\n      \"Resource\": [\n        \"arn:aws:s3:::terraform-remote-state-342432848845/staging*\",\n        \"arn:aws:s3:::terraform-remote-state-342432848845/staging/*\"\n      ]\n    },\n    {\n      \"Sid\": \"ProdObjectsAccess\",\n      \"Effect\": \"Allow\",\n      \"Principal\": {\n        \"AWS\": [\n          \"arn:aws:iam::640945925798:role/aws-reserved/sso.amazonaws.com/AWSReservedSSO_AWSAdministratorAccess_746a31ddf0c5ed5c\",\n          \"arn:aws:iam::640945925798:assumed-role/AWSReservedSSO_AWSAdministratorAccess_746a31ddf0c5ed5c/aws+prod@cropdroid.com\"\n        ]\n      },\n      \"Action\": [\n        \"s3:Get*\",\n        \"s3:Put*\",\n        \"s3:List*\"\n      ],\n      \"Resource\": [\n        \"arn:aws:s3:::terraform-remote-state-342432848845/prod*\",\n        \"arn:aws:s3:::terraform-remote-state-342432848845/prod/*\"\n      ]\n    }\n  ]\n}\n"
          },
          "sensitive_attributes": [],
          "private": "bnVsbA==",
          "dependencies": [
            "data.aws_caller_identity.current",
            "data.terraform_remote_state.root_bootstrap",
            "module.remotestate.aws_s3_bucket.remotestate"
          ]
        }
      ]
    },
    {
      "module": "module.remotestate",
      "mode": "managed",
      "type": "aws_dynamodb_table",
      "name": "remotestate",
      "provider": "provider[\"registry.terraform.io/hashicorp/aws\"]",
      "instances": [
        {
          "schema_version": 1,
          "attributes": {
            "arn": "arn:aws:dynamodb:us-east-1:342432848845:table/terraform-remote-state-locks",
            "attribute": [
              {
                "name": "LockID",
                "type": "S"
              }
            ],
            "billing_mode": "PROVISIONED",
            "global_secondary_index": [],
            "hash_key": "LockID",
            "id": "terraform-remote-state-locks",
            "local_secondary_index": [],
            "name": "terraform-remote-state-locks",
            "point_in_time_recovery": [
              {
                "enabled": false
              }
            ],
            "range_key": null,
            "read_capacity": 20,
            "replica": [],
            "restore_date_time": null,
            "restore_source_name": null,
            "restore_to_latest_time": null,
            "server_side_encryption": [],
            "stream_arn": "",
            "stream_enabled": false,
            "stream_label": "",
            "stream_view_type": "",
            "table_class": "",
            "tags": {},
            "tags_all": {},
            "timeouts": null,
            "ttl": [
              {
                "attribute_name": "",
                "enabled": false
              }
            ],
            "write_capacity": 20
          },
          "sensitive_attributes": [],
          "private": "eyJlMmJmYjczMC1lY2FhLTExZTYtOGY4OC0zNDM2M2JjN2M0YzAiOnsiY3JlYXRlIjoxODAwMDAwMDAwMDAwLCJkZWxldGUiOjYwMDAwMDAwMDAwMCwidXBkYXRlIjozNjAwMDAwMDAwMDAwfSwic2NoZW1hX3ZlcnNpb24iOiIxIn0="
        }
      ]
    },
    {
      "module": "module.remotestate",
      "mode": "managed",
      "type": "aws_s3_bucket",
      "name": "remotestate",
      "provider": "provider[\"registry.terraform.io/hashicorp/aws\"]",
      "instances": [
        {
          "index_key": 0,
          "schema_version": 0,
          "attributes": {
            "acceleration_status": "",
            "acl": "private",
            "arn": "arn:aws:s3:::terraform-remote-state-342432848845",
            "bucket": "terraform-remote-state-342432848845",
            "bucket_domain_name": "terraform-remote-state-342432848845.s3.amazonaws.com",
            "bucket_prefix": null,
            "bucket_regional_domain_name": "terraform-remote-state-342432848845.s3.amazonaws.com",
            "cors_rule": [],
            "force_destroy": true,
            "grant": [
              {
                "id": "be5ee484df780cce37eb6a6581a86991383ff918fbaa8826dc9318290ec5bddf",
                "permissions": [
                  "FULL_CONTROL"
                ],
                "type": "CanonicalUser",
                "uri": ""
              },
              {
                "id": "f039902d238fbf65ea405730b540262631cd4721285873c2927681ee4bcd9f85",
                "permissions": [
                  "FULL_CONTROL"
                ],
                "type": "CanonicalUser",
                "uri": ""
              }
            ],
            "hosted_zone_id": "Z3AQBSTGFYJSTF",
            "id": "terraform-remote-state-342432848845",
            "lifecycle_rule": [],
            "logging": [],
            "object_lock_configuration": [],
            "object_lock_enabled": false,
            "policy": "{\"Version\":\"2012-10-17\",\"Id\":\"SharedRemoteStatePolicy\",\"Statement\":[{\"Sid\":\"RootAccess\",\"Effect\":\"Allow\",\"Principal\":{\"AWS\":\"arn:aws:iam::288834285707:root\"},\"Action\":\"s3:*\",\"Resource\":[\"arn:aws:s3:::terraform-remote-state-342432848845\",\"arn:aws:s3:::terraform-remote-state-342432848845/*\"]},{\"Sid\":\"ListBucketAccess\",\"Effect\":\"Allow\",\"Principal\":{\"AWS\":[\"arn:aws:iam::342432848845:role/aws-reserved/sso.amazonaws.com/AWSReservedSSO_AWSAdministratorAccess_da9b8a59c2483c73\",\"arn:aws:iam::841167668311:role/aws-reserved/sso.amazonaws.com/AWSReservedSSO_AWSAdministratorAccess_a3f315f0e7cc692a\",\"arn:aws:sts::841167668311:assumed-role/AWSReservedSSO_AWSAdministratorAccess_a3f315f0e7cc692a/aws+staging@cropdroid.com\",\"arn:aws:sts::342432848845:assumed-role/AWSReservedSSO_AWSAdministratorAccess_da9b8a59c2483c73/aws+shared@cropdroid.com\"]},\"Action\":[\"s3:ListBucket\",\"s3:GetBucketLocation\"],\"Resource\":\"arn:aws:s3:::terraform-remote-state-342432848845\"},{\"Sid\":\"SharedObjectsAccess\",\"Effect\":\"Allow\",\"Principal\":{\"AWS\":[\"arn:aws:iam::342432848845:role/aws-reserved/sso.amazonaws.com/AWSReservedSSO_AWSAdministratorAccess_da9b8a59c2483c73\",\"arn:aws:sts::342432848845:assumed-role/AWSReservedSSO_AWSAdministratorAccess_da9b8a59c2483c73/aws+shared@cropdroid.com\"]},\"Action\":[\"s3:Get*\",\"S3:Put*\",\"s3:List*\"],\"Resource\":\"arn:aws:s3:::terraform-remote-state-342432848845/shared/*\"},{\"Sid\":\"SharedObjectsReadOnlyAccess\",\"Effect\":\"Allow\",\"Principal\":{\"AWS\":[\"arn:aws:iam::342432848845:role/aws-reserved/sso.amazonaws.com/AWSReservedSSO_AWSAdministratorAccess_da9b8a59c2483c73\",\"arn:aws:iam::342432848845:role/aws-reserved/sso.amazonaws.com/AWSReservedSSO_AWSPowerUserAccess_25c53df32a1253e2\",\"arn:aws:iam::841167668311:role/aws-reserved/sso.amazonaws.com/AWSReservedSSO_AWSReadOnlyAccess_9ef77f738096cab9\",\"arn:aws:iam::342432848845:role/aws-reserved/sso.amazonaws.com/AWSReservedSSO_AWSOrganizationsFullAccess_c4029ba22c8daeab\",\"arn:aws:iam::841167668311:role/aws-reserved/sso.amazonaws.com/AWSReservedSSO_AWSOrganizationsFullAccess_9ba3758f193ef8e1\",\"arn:aws:iam::841167668311:role/aws-reserved/sso.amazonaws.com/AWSReservedSSO_AWSAdministratorAccess_a3f315f0e7cc692a\",\"arn:aws:iam::342432848845:role/aws-reserved/sso.amazonaws.com/AWSReservedSSO_AWSReadOnlyAccess_36f8fb192bf92169\",\"arn:aws:sts::841167668311:assumed-role/AWSReservedSSO_AWSAdministratorAccess_a3f315f0e7cc692a/aws+staging@cropdroid.com\",\"arn:aws:iam::841167668311:role/aws-reserved/sso.amazonaws.com/AWSReservedSSO_AWSPowerUserAccess_6b2f6d06beb058b7\"]},\"Action\":[\"s3:Get*\",\"s3:List*\"],\"Resource\":\"arn:aws:s3:::terraform-remote-state-342432848845/shared/*\"},{\"Sid\":\"SharedReadOnlyObjectsAccess\",\"Effect\":\"Allow\",\"Principal\":{\"AWS\":[\"arn:aws:sts::841167668311:assumed-role/AWSReservedSSO_AWSAdministratorAccess_a3f315f0e7cc692a/aws+staging@cropdroid.com\",\"arn:aws:iam::841167668311:role/aws-reserved/sso.amazonaws.com/AWSReservedSSO_AWSAdministratorAccess_a3f315f0e7cc692a\"]},\"Action\":[\"s3:Get*\",\"s3:List*\"],\"Resource\":[\"arn:aws:s3:::terraform-remote-state-342432848845/staging/vpc.tfstate\",\"arn:aws:s3:::terraform-remote-state-342432848845/prod/vpc.tfstate\"]},{\"Sid\":\"StageObjectsAccess\",\"Effect\":\"Allow\",\"Principal\":{\"AWS\":[\"arn:aws:sts::841167668311:assumed-role/AWSReservedSSO_AWSAdministratorAccess_a3f315f0e7cc692a/aws+staging@cropdroid.com\",\"arn:aws:iam::841167668311:role/aws-reserved/sso.amazonaws.com/AWSReservedSSO_AWSAdministratorAccess_a3f315f0e7cc692a\"]},\"Action\":[\"s3:Get*\",\"s3:Put*\",\"s3:List*\"],\"Resource\":[\"arn:aws:s3:::terraform-remote-state-342432848845/staging*\",\"arn:aws:s3:::terraform-remote-state-342432848845/staging/*\"]},{\"Sid\":\"ProdObjectsAccess\",\"Effect\":\"Allow\",\"Principal\":{\"AWS\":[\"arn:aws:iam::640945925798:role/aws-reserved/sso.amazonaws.com/AWSReservedSSO_AWSAdministratorAccess_746a31ddf0c5ed5c\",\"arn:aws:sts::640945925798:assumed-role/AWSReservedSSO_AWSAdministratorAccess_746a31ddf0c5ed5c/aws+prod@cropdroid.com\"]},\"Action\":[\"s3:Get*\",\"s3:Put*\",\"s3:List*\"],\"Resource\":\"arn:aws:s3:::terraform-remote-state-342432848845/prod/*\"}]}",
            "region": "us-east-1",
            "replication_configuration": [],
            "request_payer": "BucketOwner",
            "server_side_encryption_configuration": [],
            "tags": {
              "Compliance": "non-restricted",
              "Environment": "shared",
              "Name": "cropdroid-shared",
              "Owner": "devops",
              "Project": "cropdroid",
              "TerraformManaged": "true"
            },
            "tags_all": {
              "Compliance": "non-restricted",
              "Environment": "shared",
              "Name": "cropdroid-shared",
              "Owner": "devops",
              "Project": "cropdroid",
              "TerraformManaged": "true"
            },
            "versioning": [
              {
                "enabled": false,
                "mfa_delete": false
              }
            ],
            "website": [],
            "website_domain": null,
            "website_endpoint": null
          },
          "sensitive_attributes": [],
          "private": "bnVsbA==",
          "dependencies": [
            "data.aws_caller_identity.current"
          ]
        }
      ]
    },
    {
      "module": "module.remotestate",
      "mode": "managed",
      "type": "aws_s3_bucket_public_access_block",
      "name": "public_access_block",
      "provider": "provider[\"registry.terraform.io/hashicorp/aws\"]",
      "instances": [
        {
          "index_key": 0,
          "schema_version": 0,
          "attributes": {
            "block_public_acls": true,
            "block_public_policy": true,
            "bucket": "terraform-remote-state-342432848845",
            "id": "terraform-remote-state-342432848845",
            "ignore_public_acls": true,
            "restrict_public_buckets": true
          },
          "sensitive_attributes": [],
          "private": "bnVsbA==",
          "dependencies": [
            "data.aws_caller_identity.current",
            "module.remotestate.aws_s3_bucket.remotestate"
          ]
        }
      ]
    },
    {
      "module": "module.tagging",
      "mode": "data",
      "type": "aws_caller_identity",
      "name": "current",
      "provider": "provider[\"registry.terraform.io/hashicorp/aws\"]",
      "instances": [
        {
          "schema_version": 0,
          "attributes": {
            "account_id": "342432848845",
            "arn": "arn:aws:sts::342432848845:assumed-role/AWSReservedSSO_AWSAdministratorAccess_da9b8a59c2483c73/aws+shared@cropdroid.com",
            "id": "342432848845",
            "user_id": "AROAU7OUWTPGUWBCQHSEB:aws+shared@cropdroid.com"
          },
          "sensitive_attributes": []
        }
      ]
    },
    {
      "module": "module.tagging",
      "mode": "data",
      "type": "null_data_source",
      "name": "tags",
      "provider": "provider[\"registry.terraform.io/hashicorp/null\"]",
      "instances": [
        {
          "index_key": 0,
          "schema_version": 0,
          "attributes": {
            "has_computed_default": "default",
            "id": "static",
            "inputs": {
              "key": "Compliance",
              "propagate_at_launch": "true",
              "value": "non-restricted"
            },
            "outputs": {
              "key": "Compliance",
              "propagate_at_launch": "true",
              "value": "non-restricted"
            },
            "random": "8193792014045124452"
          },
          "sensitive_attributes": []
        },
        {
          "index_key": 1,
          "schema_version": 0,
          "attributes": {
            "has_computed_default": "default",
            "id": "static",
            "inputs": {
              "key": "Environment",
              "propagate_at_launch": "true",
              "value": "shared"
            },
            "outputs": {
              "key": "Environment",
              "propagate_at_launch": "true",
              "value": "shared"
            },
            "random": "5812325453865178340"
          },
          "sensitive_attributes": []
        },
        {
          "index_key": 2,
          "schema_version": 0,
          "attributes": {
            "has_computed_default": "default",
            "id": "static",
            "inputs": {
              "key": "Name",
              "propagate_at_launch": "true",
              "value": "cropdroid-shared"
            },
            "outputs": {
              "key": "Name",
              "propagate_at_launch": "true",
              "value": "cropdroid-shared"
            },
            "random": "4252094272792613302"
          },
          "sensitive_attributes": []
        },
        {
          "index_key": 3,
          "schema_version": 0,
          "attributes": {
            "has_computed_default": "default",
            "id": "static",
            "inputs": {
              "key": "Owner",
              "propagate_at_launch": "true",
              "value": "devops"
            },
            "outputs": {
              "key": "Owner",
              "propagate_at_launch": "true",
              "value": "devops"
            },
            "random": "1979802141045999697"
          },
          "sensitive_attributes": []
        },
        {
          "index_key": 4,
          "schema_version": 0,
          "attributes": {
            "has_computed_default": "default",
            "id": "static",
            "inputs": {
              "key": "Project",
              "propagate_at_launch": "true",
              "value": "cropdroid"
            },
            "outputs": {
              "key": "Project",
              "propagate_at_launch": "true",
              "value": "cropdroid"
            },
            "random": "4736426733558976150"
          },
          "sensitive_attributes": []
        },
        {
          "index_key": 5,
          "schema_version": 0,
          "attributes": {
            "has_computed_default": "default",
            "id": "static",
            "inputs": {
              "key": "TerraformManaged",
              "propagate_at_launch": "true",
              "value": "true"
            },
            "outputs": {
              "key": "TerraformManaged",
              "propagate_at_launch": "true",
              "value": "true"
            },
            "random": "4706362537776427650"
          },
          "sensitive_attributes": []
        }
      ]
    }
  ]
}
